{
  "requires": true,
  "lockfileVersion": 1,
  "dependencies": {
    "react-content-loader": {
      "version": "6.0.3",
      "resolved": "https://registry.npmjs.org/react-content-loader/-/react-content-loader-6.0.3.tgz",
      "integrity": "sha512-CIRgTHze+ls+jGDIfCitw27YkW2XcaMpsYORTUdBxsMFiKuUYMnlvY76dZE4Lsaa9vFXVw+41ieBEK7SJt0nug=="
    }
  }
}
